
Microsoft Visual Studio Solution File, Format Version 12.00
# Visual Studio Version 16
VisualStudioVersion = 16.0.28729.10
MinimumVisualStudioVersion = 10.0.40219.1
Project("{9A19103F-16F7-4668-BE54-9A1E7A4F7556}") = "MapR", "MapR\MapR.csproj", "{8E4B906C-F86C-4267-9236-2195E5175170}"
EndProject
Global
	GlobalSection(SolutionConfigurationPlatforms) = preSolution
		Debug|Any CPU = Debug|Any CPU
		Release|Any CPU = Release|Any CPU
	EndGlobalSection
	GlobalSection(ProjectConfigurationPlatforms) = postSolution
		{8E4B906C-F86C-4267-9236-2195E5175170}.Debug|Any CPU.ActiveCfg = Debug|Any CPU
		{8E4B906C-F86C-4267-9236-2195E5175170}.Debug|Any CPU.Build.0 = Debug|Any CPU
		{8E4B906C-F86C-4267-9236-2195E5175170}.Release|Any CPU.ActiveCfg = Release|Any CPU
		{8E4B906C-F86C-4267-9236-2195E5175170}.Release|Any CPU.Build.0 = Release|Any CPU
	EndGlobalSection
	GlobalSection(SolutionProperties) = preSolution
		HideSolutionNode = FALSE
	EndGlobalSection
	GlobalSection(ExtensibilityGlobals) = postSolution
		SolutionGuid = {5B8D0BCE-1163-4E38-8C23-A846F356954C}
	EndGlobalSection
EndGlobal
