
Microsoft Visual Studio Solution File, Format Version 12.00
# Visual Studio Version 16
VisualStudioVersion = 16.0.28729.10
MinimumVisualStudioVersion = 10.0.40219.1
Project("{FAE04EC0-301F-11D3-BF4B-00C04F79EFBC}") = "MapR", "MapR\MapR.csproj", "{8E4B906C-F86C-4267-9236-2195E5175170}"
EndProject
Project("{FAE04EC0-301F-11D3-BF4B-00C04F79EFBC}") = "MapR.Data", "MapR.Data\MapR.Data.csproj", "{B5D14C9B-159D-4640-BBD4-4E51C5662550}"
EndProject
Project("{FAE04EC0-301F-11D3-BF4B-00C04F79EFBC}") = "MapR.DataStores", "MapR.DataStores\MapR.DataStores.csproj", "{4D839236-EC2D-4154-802D-848316EB22B7}"
EndProject
Project("{2150E333-8FDC-42A3-9474-1A3956D46DE8}") = "Solution Items", "Solution Items", "{17086C6F-C6C8-442F-9082-40063CF05860}"
	ProjectSection(SolutionItems) = preProject
		.deployment = .deployment
		deploy.cmd = deploy.cmd
	EndProjectSection
EndProject
Global
	GlobalSection(SolutionConfigurationPlatforms) = preSolution
		Debug|Any CPU = Debug|Any CPU
		Release|Any CPU = Release|Any CPU
	EndGlobalSection
	GlobalSection(ProjectConfigurationPlatforms) = postSolution
		{8E4B906C-F86C-4267-9236-2195E5175170}.Debug|Any CPU.ActiveCfg = Debug|Any CPU
		{8E4B906C-F86C-4267-9236-2195E5175170}.Debug|Any CPU.Build.0 = Debug|Any CPU
		{8E4B906C-F86C-4267-9236-2195E5175170}.Release|Any CPU.ActiveCfg = Release|Any CPU
		{8E4B906C-F86C-4267-9236-2195E5175170}.Release|Any CPU.Build.0 = Release|Any CPU
		{4D839236-EC2D-4154-802D-848316EB22B7}.Debug|Any CPU.ActiveCfg = Debug|Any CPU
		{4D839236-EC2D-4154-802D-848316EB22B7}.Debug|Any CPU.Build.0 = Debug|Any CPU
		{4D839236-EC2D-4154-802D-848316EB22B7}.Release|Any CPU.ActiveCfg = Release|Any CPU
		{4D839236-EC2D-4154-802D-848316EB22B7}.Release|Any CPU.Build.0 = Release|Any CPU
		{B5D14C9B-159D-4640-BBD4-4E51C5662550}.Debug|Any CPU.ActiveCfg = Debug|Any CPU
		{B5D14C9B-159D-4640-BBD4-4E51C5662550}.Debug|Any CPU.Build.0 = Debug|Any CPU
		{B5D14C9B-159D-4640-BBD4-4E51C5662550}.Release|Any CPU.ActiveCfg = Release|Any CPU
		{B5D14C9B-159D-4640-BBD4-4E51C5662550}.Release|Any CPU.Build.0 = Release|Any CPU
	EndGlobalSection
	GlobalSection(SolutionProperties) = preSolution
		HideSolutionNode = FALSE
	EndGlobalSection
	GlobalSection(ExtensibilityGlobals) = postSolution
		SolutionGuid = {5B8D0BCE-1163-4E38-8C23-A846F356954C}
	EndGlobalSection
EndGlobal
